
Microsoft Visual Studio Solution File, Format Version 12.00
# Visual Studio Version 17
VisualStudioVersion = 17.9.34701.34
MinimumVisualStudioVersion = 10.0.40219.1
Project("{2150E333-8FDC-42A3-9474-1A3956D46DE8}") = "Frontend", "Frontend", "{E92CB3A9-BC9C-4B1B-BBFF-30F4DA89148E}"
EndProject
Project("{2150E333-8FDC-42A3-9474-1A3956D46DE8}") = "Gateway", "Gateway", "{8A065834-1920-4050-84BE-13F146387A9B}"
EndProject
Project("{2150E333-8FDC-42A3-9474-1A3956D46DE8}") = "Services", "Services", "{51ED6782-2960-481C-8F74-F0AB56E6AC1C}"
EndProject
Project("{2150E333-8FDC-42A3-9474-1A3956D46DE8}") = "Integration", "Integration", "{E1A54276-A401-4EC2-9DBA-84B29E95F4B3}"
EndProject
Project("{9A19103F-16F7-4668-BE54-9A1E7A4F7556}") = "Bonus.API", "Services\Bonus.API\Bonus.API.csproj", "{593BF5D7-DFBC-40A6-853C-A5C9E1B659A6}"
EndProject
Project("{9A19103F-16F7-4668-BE54-9A1E7A4F7556}") = "Transactions.Web", "Frontend\Transactions.Web\Transactions.Web.csproj", "{3255DF12-8DEB-4C8F-BE45-748B093C157B}"
EndProject
Project("{9A19103F-16F7-4668-BE54-9A1E7A4F7556}") = "Auth.Api", "Services\Auth.Api\Auth.Api.csproj", "{3398090A-5020-4E5B-83DC-1D45A7D0C703}"
EndProject
Project("{9A19103F-16F7-4668-BE54-9A1E7A4F7556}") = "Transactions.Core", "Transactions.Core\Transactions.Core.csproj", "{06B40254-B750-466C-93EE-BEBD393FD04B}"
EndProject
Project("{FAE04EC0-301F-11D3-BF4B-00C04F79EFBC}") = "Transports.Api", "Transport.Api\Transports.Api.csproj", "{FEDDE8DD-71D1-4518-8D93-0D906776AA22}"
EndProject
Global
	GlobalSection(SolutionConfigurationPlatforms) = preSolution
		Debug|Any CPU = Debug|Any CPU
		Release|Any CPU = Release|Any CPU
	EndGlobalSection
	GlobalSection(ProjectConfigurationPlatforms) = postSolution
		{593BF5D7-DFBC-40A6-853C-A5C9E1B659A6}.Debug|Any CPU.ActiveCfg = Debug|Any CPU
		{593BF5D7-DFBC-40A6-853C-A5C9E1B659A6}.Debug|Any CPU.Build.0 = Debug|Any CPU
		{593BF5D7-DFBC-40A6-853C-A5C9E1B659A6}.Release|Any CPU.ActiveCfg = Release|Any CPU
		{593BF5D7-DFBC-40A6-853C-A5C9E1B659A6}.Release|Any CPU.Build.0 = Release|Any CPU
		{3255DF12-8DEB-4C8F-BE45-748B093C157B}.Debug|Any CPU.ActiveCfg = Debug|Any CPU
		{3255DF12-8DEB-4C8F-BE45-748B093C157B}.Debug|Any CPU.Build.0 = Debug|Any CPU
		{3255DF12-8DEB-4C8F-BE45-748B093C157B}.Release|Any CPU.ActiveCfg = Release|Any CPU
		{3255DF12-8DEB-4C8F-BE45-748B093C157B}.Release|Any CPU.Build.0 = Release|Any CPU
		{3398090A-5020-4E5B-83DC-1D45A7D0C703}.Debug|Any CPU.ActiveCfg = Debug|Any CPU
		{3398090A-5020-4E5B-83DC-1D45A7D0C703}.Debug|Any CPU.Build.0 = Debug|Any CPU
		{3398090A-5020-4E5B-83DC-1D45A7D0C703}.Release|Any CPU.ActiveCfg = Release|Any CPU
		{3398090A-5020-4E5B-83DC-1D45A7D0C703}.Release|Any CPU.Build.0 = Release|Any CPU
		{06B40254-B750-466C-93EE-BEBD393FD04B}.Debug|Any CPU.ActiveCfg = Debug|Any CPU
		{06B40254-B750-466C-93EE-BEBD393FD04B}.Debug|Any CPU.Build.0 = Debug|Any CPU
		{06B40254-B750-466C-93EE-BEBD393FD04B}.Release|Any CPU.ActiveCfg = Release|Any CPU
		{06B40254-B750-466C-93EE-BEBD393FD04B}.Release|Any CPU.Build.0 = Release|Any CPU
		{FEDDE8DD-71D1-4518-8D93-0D906776AA22}.Debug|Any CPU.ActiveCfg = Debug|Any CPU
		{FEDDE8DD-71D1-4518-8D93-0D906776AA22}.Debug|Any CPU.Build.0 = Debug|Any CPU
		{FEDDE8DD-71D1-4518-8D93-0D906776AA22}.Release|Any CPU.ActiveCfg = Release|Any CPU
		{FEDDE8DD-71D1-4518-8D93-0D906776AA22}.Release|Any CPU.Build.0 = Release|Any CPU
	EndGlobalSection
	GlobalSection(SolutionProperties) = preSolution
		HideSolutionNode = FALSE
	EndGlobalSection
	GlobalSection(NestedProjects) = preSolution
		{593BF5D7-DFBC-40A6-853C-A5C9E1B659A6} = {51ED6782-2960-481C-8F74-F0AB56E6AC1C}
		{3255DF12-8DEB-4C8F-BE45-748B093C157B} = {E92CB3A9-BC9C-4B1B-BBFF-30F4DA89148E}
		{3398090A-5020-4E5B-83DC-1D45A7D0C703} = {51ED6782-2960-481C-8F74-F0AB56E6AC1C}
		{FEDDE8DD-71D1-4518-8D93-0D906776AA22} = {51ED6782-2960-481C-8F74-F0AB56E6AC1C}
	EndGlobalSection
	GlobalSection(ExtensibilityGlobals) = postSolution
		SolutionGuid = {25C101DD-A9CD-48A4-930F-A7AE47864F45}
	EndGlobalSection
EndGlobal
